<?xml version="1.0" encoding="utf-8"?>
<Project ToolsVersion="4.0" xmlns="http://schemas.microsoft.com/developer/msbuild/2003">
  <ItemGroup>
    <Filter Include="Archivos de origen">
      <UniqueIdentifier>{4FC737F1-C7A5-4376-A066-2A32D752A2FF}</UniqueIdentifier>
      <Extensions>cpp;c;cc;cxx;c++;cppm;ixx;def;odl;idl;hpj;bat;asm;asmx</Extensions>
    </Filter>
    <Filter Include="Archivos de encabezado">
      <UniqueIdentifier>{93995380-89BD-4b04-88EB-625FBE52EBFB}</UniqueIdentifier>
      <Extensions>h;hh;hpp;hxx;h++;hm;inl;inc;ipp;xsd</Extensions>
    </Filter>
    <Filter Include="Archivos de recursos">
      <UniqueIdentifier>{67DA6AB6-F800-4c08-8B7A-83BB121AAD01}</UniqueIdentifier>
      <Extensions>rc;ico;cur;bmp;dlg;rc2;rct;bin;rgs;gif;jpg;jpeg;jpe;resx;tiff;tif;png;wav;mfcribbon-ms</Extensions>
    </Filter>
    <Filter Include="src">
      <UniqueIdentifier>{a9915f3b-2f0d-4d9f-8829-def1617ca605}</UniqueIdentifier>
    </Filter>
    <Filter Include="assets">
      <UniqueIdentifier>{15d971de-6ce0-4f4c-9c23-a48794d8b017}</UniqueIdentifier>
    </Filter>
    <Filter Include="docs">
      <UniqueIdentifier>{a4272331-a5b1-4e22-81c9-cb23328d35cb}</UniqueIdentifier>
    </Filter>
    <Filter Include="assets\audio">
      <UniqueIdentifier>{77c670c6-3c2d-48e9-b3a7-cbddb774d2db}</UniqueIdentifier>
    </Filter>
    <Filter Include="assets\sprites">
      <UniqueIdentifier>{7f4b4119-c83a-487d-acbe-05f44ca289a4}</UniqueIdentifier>
    </Filter>
    <Filter Include="assets\imagenes">
      <UniqueIdentifier>{80ac5908-e628-4502-a948-9ca1854ff965}</UniqueIdentifier>
    </Filter>
    <Filter Include="assets\imagenes\tablero">
      <UniqueIdentifier>{233aa454-ff2a-4b63-bef3-737900c649da}</UniqueIdentifier>
    </Filter>
    <Filter Include="assets\sprites\equipo rotten %28zombies%29">
      <UniqueIdentifier>{c1a0bfca-f7e5-49e4-b716-509e0fbbdb52}</UniqueIdentifier>
    </Filter>
    <Filter Include="assets\sprites\equipo root %28plantas%29">
      <UniqueIdentifier>{a7e55805-d536-4089-b7b4-3506efdec467}</UniqueIdentifier>
    </Filter>
    <Filter Include="assets\imagenes\tests">
      <UniqueIdentifier>{d93ba637-5212-44db-b89f-1ce203929ba1}</UniqueIdentifier>
    </Filter>
    <Filter Include="src\tablero">
      <UniqueIdentifier>{24364c27-01a6-46d1-8fe5-1be669ea4aa5}</UniqueIdentifier>
    </Filter>
    <Filter Include="src\combate">
      <UniqueIdentifier>{62138f73-4157-4092-83c3-7ba36f1cdcc1}</UniqueIdentifier>
    </Filter>
    <Filter Include="src\juego">
      <UniqueIdentifier>{454314d6-8881-425e-8442-46583b056783}</UniqueIdentifier>
    </Filter>
    <Filter Include="src\graficos">
      <UniqueIdentifier>{53ffda82-3e4a-405b-a5cf-99fc69f4ceec}</UniqueIdentifier>
    </Filter>
    <Filter Include="src\piezas">
      <UniqueIdentifier>{d4d96ee1-a5bd-45b3-a54c-4aa6d39783fe}</UniqueIdentifier>
    </Filter>
    <Filter Include="assets\imagenes\efectos de combate">
      <UniqueIdentifier>{6dfa1960-00cd-40fb-9edd-dcaa0fc8db8c}</UniqueIdentifier>
    </Filter>
  </ItemGroup>
  <ItemGroup>
    <ClCompile Include="main.cpp">
      <Filter>src</Filter>
    </ClCompile>
  </ItemGroup>
  <ItemGroup>
    <None Include="README_audio.md">
      <Filter>assets\audio</Filter>
    </None>
    <None Include="README_imagenes.md">
      <Filter>assets\imagenes</Filter>
    </None>
    <None Include="README_efectosdecombate.md">
      <Filter>assets\imagenes\efectos de combate</Filter>
    </None>
    <None Include="README_tests.md">
      <Filter>assets\imagenes\tests</Filter>
    </None>
    <None Include="README_tablero.md">
      <Filter>assets\imagenes\tablero</Filter>
    </None>
    <None Include="README_sprites.md">
      <Filter>assets\sprites</Filter>
    </None>
    <None Include="README_equiporotten.md">
      <Filter>assets\sprites\equipo rotten %28zombies%29</Filter>
    </None>
    <None Include="README_equiporoot.md">
      <Filter>assets\sprites\equipo root %28plantas%29</Filter>
    </None>
    <None Include="README_docs.md">
      <Filter>docs</Filter>
    </None>
    <None Include="README_.tableromd">
      <Filter>src\tablero</Filter>
    </None>
    <None Include="README_combate.md">
      <Filter>src\combate</Filter>
    </None>
    <None Include="README_graficos.md">
      <Filter>src\graficos</Filter>
    </None>
    <None Include="README_juego.md">
      <Filter>src\juego</Filter>
    </None>
    <None Include="README_piezas.md">
      <Filter>src\piezas</Filter>
    </None>
  </ItemGroup>
</Project>