<?xml version="1.0" encoding="utf-8"?>
<Project ToolsVersion="4.0" xmlns="http://schemas.microsoft.com/developer/msbuild/2003">
  <ItemGroup>
    <ClCompile Include="src\piezas\arquero.cpp" />
    <ClCompile Include="src\piezas\fenix.cpp" />
    <ClCompile Include="src\piezas\genio.cpp" />
    <ClCompile Include="src\piezas\golem.cpp" />
    <ClCompile Include="src\piezas\mago.cpp" />
    <ClCompile Include="src\audio.cpp" />
    <ClCompile Include="src\main.cpp" />
    <ClCompile Include="src\mundo.cpp" />
    <ClCompile Include="src\piezas\peon.cpp" />
    <ClCompile Include="src\piezas\pieza.cpp" />
    <ClCompile Include="src\piezas\piezateletransporte.cpp" />
    <ClCompile Include="src\piezas\piezatierra.cpp" />
    <ClCompile Include="src\piezas\piezavuelo.cpp" />
    <ClCompile Include="src\proyectil.cpp" />
    <ClCompile Include="src\casilla.cpp" />
    <ClCompile Include="src\tablero.cpp" />
    <ClCompile Include="src\piezas\unicornio.cpp" />
    <ClCompile Include="src\piezas\valquiria.cpp" />
    <ClCompile Include="src\vector2d.cpp" />
    <ClCompile Include="src\arena.cpp" />
    <ClCompile Include="src\cursor.cpp" />
    <ClCompile Include="src\menu.cpp" />
    <ClCompile Include="src\pared.cpp" />
    <ClCompile Include="src\caja.cpp" />
    <ClCompile Include="src\gestorTexturas.cpp" />
    <ClCompile Include="src\Interaccion.cpp" />
    <ClCompile Include="src\listapieza.cpp" />
    <ClCompile Include="src\obstaculo.cpp" />
    <ClCompile Include="src\hechizos\hechizoHeal.cpp" />
    <ClCompile Include="src\hechizos\hechzoTeleport.cpp" />
    <ClCompile Include="src\hechizos\hechizoRevive.cpp" />
    <ClCompile Include="src\hechizos\hechizoImprison.cpp" />
    <ClCompile Include="src\hechizos\hechizoExchange.cpp" />
    <ClCompile Include="src\hechizos\hechizoShiftTime.cpp" />
    <ClCompile Include="src\hechizos\hechizoSummon.cpp" />
    <ClCompile Include="src\transicion.cpp" />
  </ItemGroup>
  <ItemGroup>
    <ClInclude Include="lib\ETSIDI.h" />
    <ClInclude Include="lib\freeglut.h" />
    <ClInclude Include="src\piezas\arquero.h" />
    <ClInclude Include="src\piezas\fenix.h" />
    <ClInclude Include="src\piezas\genio.h" />
    <ClInclude Include="src\piezas\golem.h" />
    <ClInclude Include="src\piezas\mago.h" />
    <ClInclude Include="src\audio.h" />
    <ClInclude Include="src\mundo.h" />
    <ClInclude Include="src\piezas\peon.h" />
    <ClInclude Include="src\piezas\pieza.h" />
    <ClInclude Include="src\piezas\piezateletransporte.h" />
    <ClInclude Include="src\piezas\piezatierra.h" />
    <ClInclude Include="src\piezas\piezavuelo.h" />
    <ClInclude Include="src\proyectil.h" />
    <ClInclude Include="src\casilla.h" />
    <ClInclude Include="src\tablero.h" />
    <ClInclude Include="src\piezas\unicornio.h" />
    <ClInclude Include="src\piezas\valquiria.h" />
    <ClInclude Include="src\vector2d.h" />
    <ClInclude Include="src\pos.h" />
    <ClInclude Include="src\arena.h" />
    <ClInclude Include="src\cursor.h" />
    <ClInclude Include="src\menu.h" />
    <ClInclude Include="src\pared.h" />
    <ClInclude Include="src\caja.h" />
    <ClInclude Include="src\gestorTexturas.h" />
    <ClInclude Include="src\arena_constantes.h" />
    <ClInclude Include="src\Interaccion.h" />
    <ClInclude Include="src\listapieza.h" />
    <ClInclude Include="src\obstaculo.h" />
    <ClInclude Include="src\hechizos\hechizo.h" />
    <ClInclude Include="src\hechizos\hechizoHeal.h" />
    <ClInclude Include="src\hechizos\hechzoTeleport.h" />
    <ClInclude Include="src\hechizos\hechizoRevive.h" />
    <ClInclude Include="src\hechizos\hechizoImprison.h" />
    <ClInclude Include="src\hechizos\hechizoExchange.h" />
    <ClInclude Include="src\hechizos\hechizoShiftTime.h" />
    <ClInclude Include="src\hechizos\hechizoSummon.h" />
    <ClInclude Include="src\transicion.h" />
  </ItemGroup>
  <ItemGroup>
    <Library Include="lib\ETSIDI.lib" />
    <Library Include="lib\freeglut.lib" />
  </ItemGroup>
  <ItemGroup>
    <Media Include="assets\audio\COMBATE1.mp3" />
    <Media Include="assets\audio\COMBATE2.mp3" />
    <Media Include="assets\audio\COMBATE3.mp3" />
    <Media Include="assets\audio\COMBATE4.mp3" />
    <Media Include="assets\audio\COMBATE5.mp3" />
    <Media Include="assets\audio\INTRO.mp3" />
    <Media Include="assets\audio\PANTALLAFINAL1.mp3" />
    <Media Include="assets\audio\PANTALLAFINAL2.mp3" />
    <Media Include="assets\audio\PANTALLAFINAL3.mp3" />
    <Media Include="assets\audio\PANTALLAFINAL4.mp3" />
    <Media Include="assets\audio\TABLERO1.mp3" />
    <Media Include="assets\audio\TABLERO2.mp3" />
    <Media Include="assets\audio\TABLERO3.mp3" />
    <ClCompile Include="src\main.cpp">
      <Filter>Archivos de origen</Filter>
    </ClCompile>
    <ClCompile Include="src\mundo.cpp">
      <Filter>Archivos de origen</Filter>
    </ClCompile>
  </ItemGroup>
  <ItemGroup>
    <ClInclude Include="src\mundo.h">
      <Filter>Archivos de encabezado</Filter>
    </ClInclude>
    <ClInclude Include="lib\freeglut.h">
      <Filter>Archivos de encabezado</Filter>
    </ClInclude>
  </ItemGroup>
  <ItemGroup>
    <Image Include="assets\imagenes\tablero\diseño_tablero_v1.0.png" />
    <Image Include="bin\imagenes\turnos\turno_plantas.png" />
    <Image Include="bin\imagenes\turnos\turno_zombies.png" />
  </ItemGroup>
  <ItemGroup>
    <None Include=".gitignore" />
    <None Include="assets\audio\README_audio.md" />
    <None Include="assets\imagenes\efectos de combate\README_efectosdecombate.md" />
    <None Include="assets\imagenes\README_imagenes.md" />
    <None Include="assets\imagenes\tablero\README_.tablero.md" />
    <None Include="assets\imagenes\tests\README_tests.md" />
    <None Include="assets\README_assets.md" />
    <None Include="assets\sprites\equipo root (plantas)\README_equiporoot.md" />
    <None Include="assets\sprites\equipo rotten (zombies)\README_equiporotten.md" />
    <None Include="assets\sprites\README_sprites.md" />
    <None Include="bin\ETSIDI.dll" />
    <None Include="bin\fmodL.dll" />
    <None Include="bin\freeglut.dll" />
    <None Include="bin\Pang.exe" />
    <None Include="bin\RootVsRotten.exe" />
    <None Include="README.md" />
  </ItemGroup>
</Project>