<?xml version="1.0" encoding="utf-8"?>
<Project ToolsVersion="4.0" xmlns="http://schemas.microsoft.com/developer/msbuild/2003">
  <ItemGroup>
    <ClCompile Include="src\arquero.cpp" />
    <ClCompile Include="src\fenix.cpp" />
    <ClCompile Include="src\genio.cpp" />
    <ClCompile Include="src\golem.cpp" />
    <ClCompile Include="src\mago.cpp" />
    <ClCompile Include="src\audio.cpp" />
    <ClCompile Include="src\main.cpp" />
    <ClCompile Include="src\mundo.cpp" />
    <ClCompile Include="src\peon.cpp" />
    <ClCompile Include="src\pieza.cpp" />
    <ClCompile Include="src\piezateletransporte.cpp" />
    <ClCompile Include="src\piezatierra.cpp" />
    <ClCompile Include="src\piezavuelo.cpp" />
    <ClCompile Include="src\proyectil.cpp" />
    <ClCompile Include="src\casilla.cpp" />
    <ClCompile Include="src\tablero.cpp" />
    <ClCompile Include="src\unicornio.cpp" />
    <ClCompile Include="src\valquiria.cpp" />
    <ClCompile Include="src\vector2d.cpp" />
    <ClCompile Include="src\arena.cpp" />
    <ClCompile Include="src\cursor.cpp" />
    <ClCompile Include="src\menu.cpp" />
    <ClCompile Include="src\pared.cpp" />
    <ClCompile Include="src\caja.cpp" />
    <ClCompile Include="src\gestorTexturas.cpp" />
    <ClCompile Include="src\Interaccion.cpp" />
    <ClCompile Include="src\listapieza.cpp" />
    <ClCompile Include="src\obstaculo.cpp" />
    <ClCompile Include="src\hechizoHeal.cpp" />
    <ClCompile Include="src\hechzoTeleport.cpp" />
    <ClCompile Include="src\hechizoRevive.cpp" />
    <ClCompile Include="src\hechizoImprison.cpp" />
    <ClCompile Include="src\hechizoExchange.cpp" />
    <ClCompile Include="src\hechizoShiftTime.cpp" />
    <ClCompile Include="src\hechizoSummon.cpp" />
  </ItemGroup>
  <ItemGroup>
    <ClInclude Include="lib\ETSIDI.h" />
    <ClInclude Include="lib\freeglut.h" />
    <ClInclude Include="src\arquero.h" />
    <ClInclude Include="src\fenix.h" />
    <ClInclude Include="src\genio.h" />
    <ClInclude Include="src\golem.h" />
    <ClInclude Include="src\mago.h" />
    <ClInclude Include="src\audio.h" />
    <ClInclude Include="src\mundo.h" />
    <ClInclude Include="src\peon.h" />
    <ClInclude Include="src\pieza.h" />
    <ClInclude Include="src\piezateletransporte.h" />
    <ClInclude Include="src\piezatierra.h" />
    <ClInclude Include="src\piezavuelo.h" />
    <ClInclude Include="src\proyectil.h" />
    <ClInclude Include="src\casilla.h" />
    <ClInclude Include="src\tablero.h" />
    <ClInclude Include="src\unicornio.h" />
    <ClInclude Include="src\valquiria.h" />
    <ClInclude Include="src\vector2d.h" />
    <ClInclude Include="src\pos.h" />
    <ClInclude Include="src\arena.h" />
    <ClInclude Include="src\cursor.h" />
    <ClInclude Include="src\menu.h" />
    <ClInclude Include="src\pared.h" />
    <ClInclude Include="src\caja.h" />
    <ClInclude Include="src\gestorTexturas.h" />
    <ClInclude Include="src\arena_constantes.h" />
    <ClInclude Include="src\Interaccion.h" />
    <ClInclude Include="src\listapieza.h" />
    <ClInclude Include="src\obstaculo.h" />
    <ClInclude Include="src\hechizo.h" />
    <ClInclude Include="src\hechizoHeal.h" />
    <ClInclude Include="src\hechzoTeleport.h" />
    <ClInclude Include="src\hechizoRevive.h" />
    <ClInclude Include="src\hechizoImprison.h" />
    <ClInclude Include="src\hechizoExchange.h" />
    <ClInclude Include="src\hechizoShiftTime.h" />
    <ClInclude Include="src\hechizoSummon.h" />
  </ItemGroup>
  <ItemGroup>
    <Library Include="lib\ETSIDI.lib" />
    <Library Include="lib\freeglut.lib" />
  </ItemGroup>
  <ItemGroup>
    <Media Include="assets\audio\COMBATE1.mp3" />
    <Media Include="assets\audio\COMBATE2.mp3" />
    <Media Include="assets\audio\COMBATE3.mp3" />
    <Media Include="assets\audio\COMBATE4.mp3" />
    <Media Include="assets\audio\COMBATE5.mp3" />
    <Media Include="assets\audio\INTRO.mp3" />
    <Media Include="assets\audio\PANTALLAFINAL1.mp3" />
    <Media Include="assets\audio\PANTALLAFINAL2.mp3" />
    <Media Include="assets\audio\PANTALLAFINAL3.mp3" />
    <Media Include="assets\audio\PANTALLAFINAL4.mp3" />
    <Media Include="assets\audio\TABLERO1.mp3" />
    <Media Include="assets\audio\TABLERO2.mp3" />
    <Media Include="assets\audio\TABLERO3.mp3" />
    <ClCompile Include="src\main.cpp">
      <Filter>Archivos de origen</Filter>
    </ClCompile>
    <ClCompile Include="src\mundo.cpp">
      <Filter>Archivos de origen</Filter>
    </ClCompile>
  </ItemGroup>
  <ItemGroup>
    <ClInclude Include="src\mundo.h">
      <Filter>Archivos de encabezado</Filter>
    </ClInclude>
    <ClInclude Include="lib\freeglut.h">
      <Filter>Archivos de encabezado</Filter>
    </ClInclude>
  </ItemGroup>
  <ItemGroup>
    <Image Include="assets\imagenes\tablero\diseño_tablero_v1.0.png" />
  </ItemGroup>
  <ItemGroup>
    <None Include=".gitignore" />
    <None Include="assets\audio\README_audio.md" />
    <None Include="assets\imagenes\efectos de combate\README_efectosdecombate.md" />
    <None Include="assets\imagenes\README_imagenes.md" />
    <None Include="assets\imagenes\tablero\README_.tablero.md" />
    <None Include="assets\imagenes\tests\README_tests.md" />
    <None Include="assets\README_assets.md" />
    <None Include="assets\sprites\equipo root (plantas)\README_equiporoot.md" />
    <None Include="assets\sprites\equipo rotten (zombies)\README_equiporotten.md" />
    <None Include="assets\sprites\README_sprites.md" />
    <None Include="bin\ETSIDI.dll" />
    <None Include="bin\fmodL.dll" />
    <None Include="bin\freeglut.dll" />
    <None Include="bin\Pang.exe" />
    <None Include="bin\RootVsRotten.exe" />
    <None Include="README.md" />
  </ItemGroup>
</Project>